// !$*UTF8*$!
{
	archiveVersion = 1;
	classes = {
	};
	objectVersion = 56;
	objects = {

/* Begin PBXBuildFile section */
		98252B612BABBA0D006A227E /* view_testApp.swift in Sources */ = {isa = PBXBuildFile; fileRef = 98252B602BABBA0D006A227E /* view_testApp.swift */; };
		98252B632BABBA0D006A227E /* ContentView_first.swift in Sources */ = {isa = PBXBuildFile; fileRef = 98252B622BABBA0D006A227E /* ContentView_first.swift */; };
		98252B652BABBA0F006A227E /* Assets.xcassets in Resources */ = {isa = PBXBuildFile; fileRef = 98252B642BABBA0F006A227E /* Assets.xcassets */; };
		98252B682BABBA0F006A227E /* Preview Assets.xcassets in Resources */ = {isa = PBXBuildFile; fileRef = 98252B672BABBA0F006A227E /* Preview Assets.xcassets */; };
		98252B722BABBA0F006A227E /* view_testTests.swift in Sources */ = {isa = PBXBuildFile; fileRef = 98252B712BABBA0F006A227E /* view_testTests.swift */; };
		98252B7C2BABBA0F006A227E /* view_testUITests.swift in Sources */ = {isa = PBXBuildFile; fileRef = 98252B7B2BABBA0F006A227E /* view_testUITests.swift */; };
		98252B7E2BABBA0F006A227E /* view_testUITestsLaunchTests.swift in Sources */ = {isa = PBXBuildFile; fileRef = 98252B7D2BABBA0F006A227E /* view_testUITestsLaunchTests.swift */; };
		98252B8D2BABBA42006A227E /* DetailView.swift in Sources */ = {isa = PBXBuildFile; fileRef = 98252B8C2BABBA42006A227E /* DetailView.swift */; };
		98252B8F2BABBA5D006A227E /* ModalView.swift in Sources */ = {isa = PBXBuildFile; fileRef = 98252B8E2BABBA5D006A227E /* ModalView.swift */; };
		98252B912BABBACC006A227E /* testView.swift in Sources */ = {isa = PBXBuildFile; fileRef = 98252B902BABBACC006A227E /* testView.swift */; };
		98252B942BABC0A3006A227E /* OnboardingButtonStyle.swift in Sources */ = {isa = PBXBuildFile; fileRef = 98252B932BABC0A3006A227E /* OnboardingButtonStyle.swift */; };
		98252B962BABC1A6006A227E /* tabView.swift in Sources */ = {isa = PBXBuildFile; fileRef = 98252B952BABC1A6006A227E /* tabView.swift */; };
		98252B982BABD4AE006A227E /* mainView.swift in Sources */ = {isa = PBXBuildFile; fileRef = 98252B972BABD4AE006A227E /* mainView.swift */; };
		98252B9D2BAC1246006A227E /* themeView.swift in Sources */ = {isa = PBXBuildFile; fileRef = 98252B9C2BAC1246006A227E /* themeView.swift */; };
		98252B9F2BAC1318006A227E /* ContentView.swift in Sources */ = {isa = PBXBuildFile; fileRef = 98252B9E2BAC1318006A227E /* ContentView.swift */; };
		98252BA12BAC4831006A227E /* writeView.swift in Sources */ = {isa = PBXBuildFile; fileRef = 98252BA02BAC4831006A227E /* writeView.swift */; };
		98252BA32BAC5476006A227E /* writeAllView.swift in Sources */ = {isa = PBXBuildFile; fileRef = 98252BA22BAC5476006A227E /* writeAllView.swift */; };
/* End PBXBuildFile section */

/* Begin PBXContainerItemProxy section */
		98252B6E2BABBA0F006A227E /* PBXContainerItemProxy */ = {
			isa = PBXContainerItemProxy;
			containerPortal = 98252B552BABBA0D006A227E /* Project object */;
			proxyType = 1;
			remoteGlobalIDString = 98252B5C2BABBA0D006A227E;
			remoteInfo = view_test;
		};
		98252B782BABBA0F006A227E /* PBXContainerItemProxy */ = {
			isa = PBXContainerItemProxy;
			containerPortal = 98252B552BABBA0D006A227E /* Project object */;
			proxyType = 1;
			remoteGlobalIDString = 98252B5C2BABBA0D006A227E;
			remoteInfo = view_test;
		};
/* End PBXContainerItemProxy section */

/* Begin PBXFileReference section */
		98252B5D2BABBA0D006A227E /* view_test.app */ = {isa = PBXFileReference; explicitFileType = wrapper.application; includeInIndex = 0; path = view_test.app; sourceTree = BUILT_PRODUCTS_DIR; };
		98252B602BABBA0D006A227E /* view_testApp.swift */ = {isa = PBXFileReference; lastKnownFileType = sourcecode.swift; path = view_testApp.swift; sourceTree = "<group>"; };
		98252B622BABBA0D006A227E /* ContentView_first.swift */ = {isa = PBXFileReference; lastKnownFileType = sourcecode.swift; path = ContentView_first.swift; sourceTree = "<group>"; };
		98252B642BABBA0F006A227E /* Assets.xcassets */ = {isa = PBXFileReference; lastKnownFileType = folder.assetcatalog; path = Assets.xcassets; sourceTree = "<group>"; };
		98252B672BABBA0F006A227E /* Preview Assets.xcassets */ = {isa = PBXFileReference; lastKnownFileType = folder.assetcatalog; path = "Preview Assets.xcassets"; sourceTree = "<group>"; };
		98252B6D2BABBA0F006A227E /* view_testTests.xctest */ = {isa = PBXFileReference; explicitFileType = wrapper.cfbundle; includeInIndex = 0; path = view_testTests.xctest; sourceTree = BUILT_PRODUCTS_DIR; };
		98252B712BABBA0F006A227E /* view_testTests.swift */ = {isa = PBXFileReference; lastKnownFileType = sourcecode.swift; path = view_testTests.swift; sourceTree = "<group>"; };
		98252B772BABBA0F006A227E /* view_testUITests.xctest */ = {isa = PBXFileReference; explicitFileType = wrapper.cfbundle; includeInIndex = 0; path = view_testUITests.xctest; sourceTree = BUILT_PRODUCTS_DIR; };
		98252B7B2BABBA0F006A227E /* view_testUITests.swift */ = {isa = PBXFileReference; lastKnownFileType = sourcecode.swift; path = view_testUITests.swift; sourceTree = "<group>"; };
		98252B7D2BABBA0F006A227E /* view_testUITestsLaunchTests.swift */ = {isa = PBXFileReference; lastKnownFileType = sourcecode.swift; path = view_testUITestsLaunchTests.swift; sourceTree = "<group>"; };
		98252B8C2BABBA42006A227E /* DetailView.swift */ = {isa = PBXFileReference; lastKnownFileType = sourcecode.swift; path = DetailView.swift; sourceTree = "<group>"; };
		98252B8E2BABBA5D006A227E /* ModalView.swift */ = {isa = PBXFileReference; lastKnownFileType = sourcecode.swift; path = ModalView.swift; sourceTree = "<group>"; };
		98252B902BABBACC006A227E /* testView.swift */ = {isa = PBXFileReference; lastKnownFileType = sourcecode.swift; path = testView.swift; sourceTree = "<group>"; };
		98252B932BABC0A3006A227E /* OnboardingButtonStyle.swift */ = {isa = PBXFileReference; lastKnownFileType = sourcecode.swift; path = OnboardingButtonStyle.swift; sourceTree = "<group>"; };
		98252B952BABC1A6006A227E /* tabView.swift */ = {isa = PBXFileReference; lastKnownFileType = sourcecode.swift; path = tabView.swift; sourceTree = "<group>"; };
		98252B972BABD4AE006A227E /* mainView.swift */ = {isa = PBXFileReference; lastKnownFileType = sourcecode.swift; path = mainView.swift; sourceTree = "<group>"; };
		98252B9C2BAC1246006A227E /* themeView.swift */ = {isa = PBXFileReference; lastKnownFileType = sourcecode.swift; path = themeView.swift; sourceTree = "<group>"; };
		98252B9E2BAC1318006A227E /* ContentView.swift */ = {isa = PBXFileReference; lastKnownFileType = sourcecode.swift; path = ContentView.swift; sourceTree = "<group>"; };
		98252BA02BAC4831006A227E /* writeView.swift */ = {isa = PBXFileReference; lastKnownFileType = sourcecode.swift; path = writeView.swift; sourceTree = "<group>"; };
		98252BA22BAC5476006A227E /* writeAllView.swift */ = {isa = PBXFileReference; lastKnownFileType = sourcecode.swift; path = writeAllView.swift; sourceTree = "<group>"; };
/* End PBXFileReference section */

/* Begin PBXFrameworksBuildPhase section */
		98252B5A2BABBA0D006A227E /* Frameworks */ = {
			isa = PBXFrameworksBuildPhase;
			buildActionMask = 2147483647;
			files = (
			);
			runOnlyForDeploymentPostprocessing = 0;
		};
		98252B6A2BABBA0F006A227E /* Frameworks */ = {
			isa = PBXFrameworksBuildPhase;
			buildActionMask = 2147483647;
			files = (
			);
			runOnlyForDeploymentPostprocessing = 0;
		};
		98252B742BABBA0F006A227E /* Frameworks */ = {
			isa = PBXFrameworksBuildPhase;
			buildActionMask = 2147483647;
			files = (
			);
			runOnlyForDeploymentPostprocessing = 0;
		};
/* End PBXFrameworksBuildPhase section */

/* Begin PBXGroup section */
		98252B542BABBA0D006A227E = {
			isa = PBXGroup;
			children = (
				98252B5F2BABBA0D006A227E /* view_test */,
				98252B702BABBA0F006A227E /* view_testTests */,
				98252B7A2BABBA0F006A227E /* view_testUITests */,
				98252B5E2BABBA0D006A227E /* Products */,
			);
			sourceTree = "<group>";
		};
		98252B5E2BABBA0D006A227E /* Products */ = {
			isa = PBXGroup;
			children = (
				98252B5D2BABBA0D006A227E /* view_test.app */,
				98252B6D2BABBA0F006A227E /* view_testTests.xctest */,
				98252B772BABBA0F006A227E /* view_testUITests.xctest */,
			);
			name = Products;
			sourceTree = "<group>";
		};
		98252B5F2BABBA0D006A227E /* view_test */ = {
			isa = PBXGroup;
			children = (
				98252B922BABC087006A227E /* Button */,
				98252B8A2BABBA1A006A227E /* View */,
				98252B602BABBA0D006A227E /* view_testApp.swift */,
				98252B642BABBA0F006A227E /* Assets.xcassets */,
				98252B662BABBA0F006A227E /* Preview Content */,
			);
			path = view_test;
			sourceTree = "<group>";
		};
		98252B662BABBA0F006A227E /* Preview Content */ = {
			isa = PBXGroup;
			children = (
				98252B672BABBA0F006A227E /* Preview Assets.xcassets */,
			);
			path = "Preview Content";
			sourceTree = "<group>";
		};
		98252B702BABBA0F006A227E /* view_testTests */ = {
			isa = PBXGroup;
			children = (
				98252B712BABBA0F006A227E /* view_testTests.swift */,
			);
			path = view_testTests;
			sourceTree = "<group>";
		};
		98252B7A2BABBA0F006A227E /* view_testUITests */ = {
			isa = PBXGroup;
			children = (
				98252B7B2BABBA0F006A227E /* view_testUITests.swift */,
				98252B7D2BABBA0F006A227E /* view_testUITestsLaunchTests.swift */,
			);
			path = view_testUITests;
			sourceTree = "<group>";
		};
		98252B8A2BABBA1A006A227E /* View */ = {
			isa = PBXGroup;
			children = (
				98252B9B2BABE1D8006A227E /* show */,
				98252B992BABE1C6006A227E /* new */,
				98252B8E2BABBA5D006A227E /* ModalView.swift */,
				98252B902BABBACC006A227E /* testView.swift */,
				98252B952BABC1A6006A227E /* tabView.swift */,
				98252B972BABD4AE006A227E /* mainView.swift */,
			);
			path = View;
			sourceTree = "<group>";
		};
		98252B922BABC087006A227E /* Button */ = {
			isa = PBXGroup;
			children = (
				98252B932BABC0A3006A227E /* OnboardingButtonStyle.swift */,
			);
			path = Button;
			sourceTree = "<group>";
		};
		98252B992BABE1C6006A227E /* new */ = {
			isa = PBXGroup;
			children = (
				98252B8C2BABBA42006A227E /* DetailView.swift */,
				98252B622BABBA0D006A227E /* ContentView_first.swift */,
				98252B9C2BAC1246006A227E /* themeView.swift */,
				98252B9E2BAC1318006A227E /* ContentView.swift */,
				98252BA02BAC4831006A227E /* writeView.swift */,
				98252BA22BAC5476006A227E /* writeAllView.swift */,
			);
			path = new;
			sourceTree = "<group>";
		};
		98252B9B2BABE1D8006A227E /* show */ = {
			isa = PBXGroup;
			children = (
			);
			path = show;
			sourceTree = "<group>";
		};
/* End PBXGroup section */

/* Begin PBXNativeTarget section */
		98252B5C2BABBA0D006A227E /* view_test */ = {
			isa = PBXNativeTarget;
			buildConfigurationList = 98252B812BABBA0F006A227E /* Build configuration list for PBXNativeTarget "view_test" */;
			buildPhases = (
				98252B592BABBA0D006A227E /* Sources */,
				98252B5A2BABBA0D006A227E /* Frameworks */,
				98252B5B2BABBA0D006A227E /* Resources */,
			);
			buildRules = (
			);
			dependencies = (
			);
			name = view_test;
			productName = view_test;
			productReference = 98252B5D2BABBA0D006A227E /* view_test.app */;
			productType = "com.apple.product-type.application";
		};
		98252B6C2BABBA0F006A227E /* view_testTests */ = {
			isa = PBXNativeTarget;
			buildConfigurationList = 98252B842BABBA0F006A227E /* Build configuration list for PBXNativeTarget "view_testTests" */;
			buildPhases = (
				98252B692BABBA0F006A227E /* Sources */,
				98252B6A2BABBA0F006A227E /* Frameworks */,
				98252B6B2BABBA0F006A227E /* Resources */,
			);
			buildRules = (
			);
			dependencies = (
				98252B6F2BABBA0F006A227E /* PBXTargetDependency */,
			);
			name = view_testTests;
			productName = view_testTests;
			productReference = 98252B6D2BABBA0F006A227E /* view_testTests.xctest */;
			productType = "com.apple.product-type.bundle.unit-test";
		};
		98252B762BABBA0F006A227E /* view_testUITests */ = {
			isa = PBXNativeTarget;
			buildConfigurationList = 98252B872BABBA0F006A227E /* Build configuration list for PBXNativeTarget "view_testUITests" */;
			buildPhases = (
				98252B732BABBA0F006A227E /* Sources */,
				98252B742BABBA0F006A227E /* Frameworks */,
				98252B752BABBA0F006A227E /* Resources */,
			);
			buildRules = (
			);
			dependencies = (
				98252B792BABBA0F006A227E /* PBXTargetDependency */,
			);
			name = view_testUITests;
			productName = view_testUITests;
			productReference = 98252B772BABBA0F006A227E /* view_testUITests.xctest */;
			productType = "com.apple.product-type.bundle.ui-testing";
		};
/* End PBXNativeTarget section */

/* Begin PBXProject section */
		98252B552BABBA0D006A227E /* Project object */ = {
			isa = PBXProject;
			attributes = {
				BuildIndependentTargetsInParallel = 1;
				LastSwiftUpdateCheck = 1530;
				LastUpgradeCheck = 1530;
				TargetAttributes = {
					98252B5C2BABBA0D006A227E = {
						CreatedOnToolsVersion = 15.3;
					};
					98252B6C2BABBA0F006A227E = {
						CreatedOnToolsVersion = 15.3;
						TestTargetID = 98252B5C2BABBA0D006A227E;
					};
					98252B762BABBA0F006A227E = {
						CreatedOnToolsVersion = 15.3;
						TestTargetID = 98252B5C2BABBA0D006A227E;
					};
				};
			};
			buildConfigurationList = 98252B582BABBA0D006A227E /* Build configuration list for PBXProject "view_test" */;
			compatibilityVersion = "Xcode 14.0";
			developmentRegion = en;
			hasScannedForEncodings = 0;
			knownRegions = (
				en,
				Base,
			);
			mainGroup = 98252B542BABBA0D006A227E;
			productRefGroup = 98252B5E2BABBA0D006A227E /* Products */;
			projectDirPath = "";
			projectRoot = "";
			targets = (
				98252B5C2BABBA0D006A227E /* view_test */,
				98252B6C2BABBA0F006A227E /* view_testTests */,
				98252B762BABBA0F006A227E /* view_testUITests */,
			);
		};
/* End PBXProject section */

/* Begin PBXResourcesBuildPhase section */
		98252B5B2BABBA0D006A227E /* Resources */ = {
			isa = PBXResourcesBuildPhase;
			buildActionMask = 2147483647;
			files = (
				98252B682BABBA0F006A227E /* Preview Assets.xcassets in Resources */,
				98252B652BABBA0F006A227E /* Assets.xcassets in Resources */,
			);
			runOnlyForDeploymentPostprocessing = 0;
		};
		98252B6B2BABBA0F006A227E /* Resources */ = {
			isa = PBXResourcesBuildPhase;
			buildActionMask = 2147483647;
			files = (
			);
			runOnlyForDeploymentPostprocessing = 0;
		};
		98252B752BABBA0F006A227E /* Resources */ = {
			isa = PBXResourcesBuildPhase;
			buildActionMask = 2147483647;
			files = (
			);
			runOnlyForDeploymentPostprocessing = 0;
		};
/* End PBXResourcesBuildPhase section */

/* Begin PBXSourcesBuildPhase section */
		98252B592BABBA0D006A227E /* Sources */ = {
			isa = PBXSourcesBuildPhase;
			buildActionMask = 2147483647;
			files = (
				98252B632BABBA0D006A227E /* ContentView_first.swift in Sources */,
				98252B982BABD4AE006A227E /* mainView.swift in Sources */,
				98252B9F2BAC1318006A227E /* ContentView.swift in Sources */,
				98252B912BABBACC006A227E /* testView.swift in Sources */,
				98252B8D2BABBA42006A227E /* DetailView.swift in Sources */,
				98252B8F2BABBA5D006A227E /* ModalView.swift in Sources */,
				98252BA32BAC5476006A227E /* writeAllView.swift in Sources */,
				98252B962BABC1A6006A227E /* tabView.swift in Sources */,
				98252B942BABC0A3006A227E /* OnboardingButtonStyle.swift in Sources */,
				98252BA12BAC4831006A227E /* writeView.swift in Sources */,
				98252B612BABBA0D006A227E /* view_testApp.swift in Sources */,
				98252B9D2BAC1246006A227E /* themeView.swift in Sources */,
			);
			runOnlyForDeploymentPostprocessing = 0;
		};
		98252B692BABBA0F006A227E /* Sources */ = {
			isa = PBXSourcesBuildPhase;
			buildActionMask = 2147483647;
			files = (
				98252B722BABBA0F006A227E /* view_testTests.swift in Sources */,
			);
			runOnlyForDeploymentPostprocessing = 0;
		};
		98252B732BABBA0F006A227E /* Sources */ = {
			isa = PBXSourcesBuildPhase;
			buildActionMask = 2147483647;
			files = (
				98252B7C2BABBA0F006A227E /* view_testUITests.swift in Sources */,
				98252B7E2BABBA0F006A227E /* view_testUITestsLaunchTests.swift in Sources */,
			);
			runOnlyForDeploymentPostprocessing = 0;
		};
/* End PBXSourcesBuildPhase section */

/* Begin PBXTargetDependency section */
		98252B6F2BABBA0F006A227E /* PBXTargetDependency */ = {
			isa = PBXTargetDependency;
			target = 98252B5C2BABBA0D006A227E /* view_test */;
			targetProxy = 98252B6E2BABBA0F006A227E /* PBXContainerItemProxy */;
		};
		98252B792BABBA0F006A227E /* PBXTargetDependency */ = {
			isa = PBXTargetDependency;
			target = 98252B5C2BABBA0D006A227E /* view_test */;
			targetProxy = 98252B782BABBA0F006A227E /* PBXContainerItemProxy */;
		};
/* End PBXTargetDependency section */

/* Begin XCBuildConfiguration section */
		98252B7F2BABBA0F006A227E /* Debug */ = {
			isa = XCBuildConfiguration;
			buildSettings = {
				ALWAYS_SEARCH_USER_PATHS = NO;
				ASSETCATALOG_COMPILER_GENERATE_SWIFT_ASSET_SYMBOL_EXTENSIONS = YES;
				CLANG_ANALYZER_NONNULL = YES;
				CLANG_ANALYZER_NUMBER_OBJECT_CONVERSION = YES_AGGRESSIVE;
				CLANG_CXX_LANGUAGE_STANDARD = "gnu++20";
				CLANG_ENABLE_MODULES = YES;
				CLANG_ENABLE_OBJC_ARC = YES;
				CLANG_ENABLE_OBJC_WEAK = YES;
				CLANG_WARN_BLOCK_CAPTURE_AUTORELEASING = YES;
				CLANG_WARN_BOOL_CONVERSION = YES;
				CLANG_WARN_COMMA = YES;
				CLANG_WARN_CONSTANT_CONVERSION = YES;
				CLANG_WARN_DEPRECATED_OBJC_IMPLEMENTATIONS = YES;
				CLANG_WARN_DIRECT_OBJC_ISA_USAGE = YES_ERROR;
				CLANG_WARN_DOCUMENTATION_COMMENTS = YES;
				CLANG_WARN_EMPTY_BODY = YES;
				CLANG_WARN_ENUM_CONVERSION = YES;
				CLANG_WARN_INFINITE_RECURSION = YES;
				CLANG_WARN_INT_CONVERSION = YES;
				CLANG_WARN_NON_LITERAL_NULL_CONVERSION = YES;
				CLANG_WARN_OBJC_IMPLICIT_RETAIN_SELF = YES;
				CLANG_WARN_OBJC_LITERAL_CONVERSION = YES;
				CLANG_WARN_OBJC_ROOT_CLASS = YES_ERROR;
				CLANG_WARN_QUOTED_INCLUDE_IN_FRAMEWORK_HEADER = YES;
				CLANG_WARN_RANGE_LOOP_ANALYSIS = YES;
				CLANG_WARN_STRICT_PROTOTYPES = YES;
				CLANG_WARN_SUSPICIOUS_MOVE = YES;
				CLANG_WARN_UNGUARDED_AVAILABILITY = YES_AGGRESSIVE;
				CLANG_WARN_UNREACHABLE_CODE = YES;
				CLANG_WARN__DUPLICATE_METHOD_MATCH = YES;
				COPY_PHASE_STRIP = NO;
				DEBUG_INFORMATION_FORMAT = dwarf;
				ENABLE_STRICT_OBJC_MSGSEND = YES;
				ENABLE_TESTABILITY = YES;
				ENABLE_USER_SCRIPT_SANDBOXING = YES;
				GCC_C_LANGUAGE_STANDARD = gnu17;
				GCC_DYNAMIC_NO_PIC = NO;
				GCC_NO_COMMON_BLOCKS = YES;
				GCC_OPTIMIZATION_LEVEL = 0;
				GCC_PREPROCESSOR_DEFINITIONS = (
					"DEBUG=1",
					"$(inherited)",
				);
				GCC_WARN_64_TO_32_BIT_CONVERSION = YES;
				GCC_WARN_ABOUT_RETURN_TYPE = YES_ERROR;
				GCC_WARN_UNDECLARED_SELECTOR = YES;
				GCC_WARN_UNINITIALIZED_AUTOS = YES_AGGRESSIVE;
				GCC_WARN_UNUSED_FUNCTION = YES;
				GCC_WARN_UNUSED_VARIABLE = YES;
				IPHONEOS_DEPLOYMENT_TARGET = 17.4;
				LOCALIZATION_PREFERS_STRING_CATALOGS = YES;
				MTL_ENABLE_DEBUG_INFO = INCLUDE_SOURCE;
				MTL_FAST_MATH = YES;
				ONLY_ACTIVE_ARCH = YES;
				SDKROOT = iphoneos;
				SWIFT_ACTIVE_COMPILATION_CONDITIONS = "DEBUG $(inherited)";
				SWIFT_OPTIMIZATION_LEVEL = "-Onone";
			};
			name = Debug;
		};
		98252B802BABBA0F006A227E /* Release */ = {
			isa = XCBuildConfiguration;
			buildSettings = {
				ALWAYS_SEARCH_USER_PATHS = NO;
				ASSETCATALOG_COMPILER_GENERATE_SWIFT_ASSET_SYMBOL_EXTENSIONS = YES;
				CLANG_ANALYZER_NONNULL = YES;
				CLANG_ANALYZER_NUMBER_OBJECT_CONVERSION = YES_AGGRESSIVE;
				CLANG_CXX_LANGUAGE_STANDARD = "gnu++20";
				CLANG_ENABLE_MODULES = YES;
				CLANG_ENABLE_OBJC_ARC = YES;
				CLANG_ENABLE_OBJC_WEAK = YES;
				CLANG_WARN_BLOCK_CAPTURE_AUTORELEASING = YES;
				CLANG_WARN_BOOL_CONVERSION = YES;
				CLANG_WARN_COMMA = YES;
				CLANG_WARN_CONSTANT_CONVERSION = YES;
				CLANG_WARN_DEPRECATED_OBJC_IMPLEMENTATIONS = YES;
				CLANG_WARN_DIRECT_OBJC_ISA_USAGE = YES_ERROR;
				CLANG_WARN_DOCUMENTATION_COMMENTS = YES;
				CLANG_WARN_EMPTY_BODY = YES;
				CLANG_WARN_ENUM_CONVERSION = YES;
				CLANG_WARN_INFINITE_RECURSION = YES;
				CLANG_WARN_INT_CONVERSION = YES;
				CLANG_WARN_NON_LITERAL_NULL_CONVERSION = YES;
				CLANG_WARN_OBJC_IMPLICIT_RETAIN_SELF = YES;
				CLANG_WARN_OBJC_LITERAL_CONVERSION = YES;
				CLANG_WARN_OBJC_ROOT_CLASS = YES_ERROR;
				CLANG_WARN_QUOTED_INCLUDE_IN_FRAMEWORK_HEADER = YES;
				CLANG_WARN_RANGE_LOOP_ANALYSIS = YES;
				CLANG_WARN_STRICT_PROTOTYPES = YES;
				CLANG_WARN_SUSPICIOUS_MOVE = YES;
				CLANG_WARN_UNGUARDED_AVAILABILITY = YES_AGGRESSIVE;
				CLANG_WARN_UNREACHABLE_CODE = YES;
				CLANG_WARN__DUPLICATE_METHOD_MATCH = YES;
				COPY_PHASE_STRIP = NO;
				DEBUG_INFORMATION_FORMAT = "dwarf-with-dsym";
				ENABLE_NS_ASSERTIONS = NO;
				ENABLE_STRICT_OBJC_MSGSEND = YES;
				ENABLE_USER_SCRIPT_SANDBOXING = YES;
				GCC_C_LANGUAGE_STANDARD = gnu17;
				GCC_NO_COMMON_BLOCKS = YES;
				GCC_WARN_64_TO_32_BIT_CONVERSION = YES;
				GCC_WARN_ABOUT_RETURN_TYPE = YES_ERROR;
				GCC_WARN_UNDECLARED_SELECTOR = YES;
				GCC_WARN_UNINITIALIZED_AUTOS = YES_AGGRESSIVE;
				GCC_WARN_UNUSED_FUNCTION = YES;
				GCC_WARN_UNUSED_VARIABLE = YES;
				IPHONEOS_DEPLOYMENT_TARGET = 17.4;
				LOCALIZATION_PREFERS_STRING_CATALOGS = YES;
				MTL_ENABLE_DEBUG_INFO = NO;
				MTL_FAST_MATH = YES;
				SDKROOT = iphoneos;
				SWIFT_COMPILATION_MODE = wholemodule;
				VALIDATE_PRODUCT = YES;
			};
			name = Release;
		};
		98252B822BABBA0F006A227E /* Debug */ = {
			isa = XCBuildConfiguration;
			buildSettings = {
				ASSETCATALOG_COMPILER_APPICON_NAME = AppIcon;
				ASSETCATALOG_COMPILER_GLOBAL_ACCENT_COLOR_NAME = AccentColor;
				CODE_SIGN_STYLE = Automatic;
				CURRENT_PROJECT_VERSION = 1;
				DEVELOPMENT_ASSET_PATHS = "\"view_test/Preview Content\"";
				DEVELOPMENT_TEAM = JM9P9XHM2P;
				ENABLE_PREVIEWS = YES;
				GENERATE_INFOPLIST_FILE = YES;
				INFOPLIST_KEY_UIApplicationSceneManifest_Generation = YES;
				INFOPLIST_KEY_UIApplicationSupportsIndirectInputEvents = YES;
				INFOPLIST_KEY_UILaunchScreen_Generation = YES;
				INFOPLIST_KEY_UISupportedInterfaceOrientations_iPad = "UIInterfaceOrientationPortrait UIInterfaceOrientationPortraitUpsideDown UIInterfaceOrientationLandscapeLeft UIInterfaceOrientationLandscapeRight";
				INFOPLIST_KEY_UISupportedInterfaceOrientations_iPhone = "UIInterfaceOrientationPortrait UIInterfaceOrientationLandscapeLeft UIInterfaceOrientationLandscapeRight";
				LD_RUNPATH_SEARCH_PATHS = (
					"$(inherited)",
					"@executable_path/Frameworks",
				);
				MARKETING_VERSION = 1.0;
				PRODUCT_BUNDLE_IDENTIFIER = "com.Lucia.view-test";
				PRODUCT_NAME = "$(TARGET_NAME)";
				SWIFT_EMIT_LOC_STRINGS = YES;
				SWIFT_VERSION = 5.0;
				TARGETED_DEVICE_FAMILY = "1,2";
			};
			name = Debug;
		};
		98252B832BABBA0F006A227E /* Release */ = {
			isa = XCBuildConfiguration;
			buildSettings = {
				ASSETCATALOG_COMPILER_APPICON_NAME = AppIcon;
				ASSETCATALOG_COMPILER_GLOBAL_ACCENT_COLOR_NAME = AccentColor;
				CODE_SIGN_STYLE = Automatic;
				CURRENT_PROJECT_VERSION = 1;
				DEVELOPMENT_ASSET_PATHS = "\"view_test/Preview Content\"";
				DEVELOPMENT_TEAM = JM9P9XHM2P;
				ENABLE_PREVIEWS = YES;
				GENERATE_INFOPLIST_FILE = YES;
				INFOPLIST_KEY_UIApplicationSceneManifest_Generation = YES;
				INFOPLIST_KEY_UIApplicationSupportsIndirectInputEvents = YES;
				INFOPLIST_KEY_UILaunchScreen_Generation = YES;
				INFOPLIST_KEY_UISupportedInterfaceOrientations_iPad = "UIInterfaceOrientationPortrait UIInterfaceOrientationPortraitUpsideDown UIInterfaceOrientationLandscapeLeft UIInterfaceOrientationLandscapeRight";
				INFOPLIST_KEY_UISupportedInterfaceOrientations_iPhone = "UIInterfaceOrientationPortrait UIInterfaceOrientationLandscapeLeft UIInterfaceOrientationLandscapeRight";
				LD_RUNPATH_SEARCH_PATHS = (
					"$(inherited)",
					"@executable_path/Frameworks",
				);
				MARKETING_VERSION = 1.0;
				PRODUCT_BUNDLE_IDENTIFIER = "com.Lucia.view-test";
				PRODUCT_NAME = "$(TARGET_NAME)";
				SWIFT_EMIT_LOC_STRINGS = YES;
				SWIFT_VERSION = 5.0;
				TARGETED_DEVICE_FAMILY = "1,2";
			};
			name = Release;
		};
		98252B852BABBA0F006A227E /* Debug */ = {
			isa = XCBuildConfiguration;
			buildSettings = {
				ALWAYS_EMBED_SWIFT_STANDARD_LIBRARIES = YES;
				BUNDLE_LOADER = "$(TEST_HOST)";
				CODE_SIGN_STYLE = Automatic;
				CURRENT_PROJECT_VERSION = 1;
				DEVELOPMENT_TEAM = JM9P9XHM2P;
				GENERATE_INFOPLIST_FILE = YES;
				IPHONEOS_DEPLOYMENT_TARGET = 17.4;
				MARKETING_VERSION = 1.0;
				PRODUCT_BUNDLE_IDENTIFIER = "com.Lucia.view-testTests";
				PRODUCT_NAME = "$(TARGET_NAME)";
				SWIFT_EMIT_LOC_STRINGS = NO;
				SWIFT_VERSION = 5.0;
				TARGETED_DEVICE_FAMILY = "1,2";
				TEST_HOST = "$(BUILT_PRODUCTS_DIR)/view_test.app/$(BUNDLE_EXECUTABLE_FOLDER_PATH)/view_test";
			};
			name = Debug;
		};
		98252B862BABBA0F006A227E /* Release */ = {
			isa = XCBuildConfiguration;
			buildSettings = {
				ALWAYS_EMBED_SWIFT_STANDARD_LIBRARIES = YES;
				BUNDLE_LOADER = "$(TEST_HOST)";
				CODE_SIGN_STYLE = Automatic;
				CURRENT_PROJECT_VERSION = 1;
				DEVELOPMENT_TEAM = JM9P9XHM2P;
				GENERATE_INFOPLIST_FILE = YES;
				IPHONEOS_DEPLOYMENT_TARGET = 17.4;
				MARKETING_VERSION = 1.0;
				PRODUCT_BUNDLE_IDENTIFIER = "com.Lucia.view-testTests";
				PRODUCT_NAME = "$(TARGET_NAME)";
				SWIFT_EMIT_LOC_STRINGS = NO;
				SWIFT_VERSION = 5.0;
				TARGETED_DEVICE_FAMILY = "1,2";
				TEST_HOST = "$(BUILT_PRODUCTS_DIR)/view_test.app/$(BUNDLE_EXECUTABLE_FOLDER_PATH)/view_test";
			};
			name = Release;
		};
		98252B882BABBA0F006A227E /* Debug */ = {
			isa = XCBuildConfiguration;
			buildSettings = {
				ALWAYS_EMBED_SWIFT_STANDARD_LIBRARIES = YES;
				CODE_SIGN_STYLE = Automatic;
				CURRENT_PROJECT_VERSION = 1;
				DEVELOPMENT_TEAM = JM9P9XHM2P;
				GENERATE_INFOPLIST_FILE = YES;
				MARKETING_VERSION = 1.0;
				PRODUCT_BUNDLE_IDENTIFIER = "com.Lucia.view-testUITests";
				PRODUCT_NAME = "$(TARGET_NAME)";
				SWIFT_EMIT_LOC_STRINGS = NO;
				SWIFT_VERSION = 5.0;
				TARGETED_DEVICE_FAMILY = "1,2";
				TEST_TARGET_NAME = view_test;
			};
			name = Debug;
		};
		98252B892BABBA0F006A227E /* Release */ = {
			isa = XCBuildConfiguration;
			buildSettings = {
				ALWAYS_EMBED_SWIFT_STANDARD_LIBRARIES = YES;
				CODE_SIGN_STYLE = Automatic;
				CURRENT_PROJECT_VERSION = 1;
				DEVELOPMENT_TEAM = JM9P9XHM2P;
				GENERATE_INFOPLIST_FILE = YES;
				MARKETING_VERSION = 1.0;
				PRODUCT_BUNDLE_IDENTIFIER = "com.Lucia.view-testUITests";
				PRODUCT_NAME = "$(TARGET_NAME)";
				SWIFT_EMIT_LOC_STRINGS = NO;
				SWIFT_VERSION = 5.0;
				TARGETED_DEVICE_FAMILY = "1,2";
				TEST_TARGET_NAME = view_test;
			};
			name = Release;
		};
/* End XCBuildConfiguration section */

/* Begin XCConfigurationList section */
		98252B582BABBA0D006A227E /* Build configuration list for PBXProject "view_test" */ = {
			isa = XCConfigurationList;
			buildConfigurations = (
				98252B7F2BABBA0F006A227E /* Debug */,
				98252B802BABBA0F006A227E /* Release */,
			);
			defaultConfigurationIsVisible = 0;
			defaultConfigurationName = Release;
		};
		98252B812BABBA0F006A227E /* Build configuration list for PBXNativeTarget "view_test" */ = {
			isa = XCConfigurationList;
			buildConfigurations = (
				98252B822BABBA0F006A227E /* Debug */,
				98252B832BABBA0F006A227E /* Release */,
			);
			defaultConfigurationIsVisible = 0;
			defaultConfigurationName = Release;
		};
		98252B842BABBA0F006A227E /* Build configuration list for PBXNativeTarget "view_testTests" */ = {
			isa = XCConfigurationList;
			buildConfigurations = (
				98252B852BABBA0F006A227E /* Debug */,
				98252B862BABBA0F006A227E /* Release */,
			);
			defaultConfigurationIsVisible = 0;
			defaultConfigurationName = Release;
		};
		98252B872BABBA0F006A227E /* Build configuration list for PBXNativeTarget "view_testUITests" */ = {
			isa = XCConfigurationList;
			buildConfigurations = (
				98252B882BABBA0F006A227E /* Debug */,
				98252B892BABBA0F006A227E /* Release */,
			);
			defaultConfigurationIsVisible = 0;
			defaultConfigurationName = Release;
		};
/* End XCConfigurationList section */
	};
	rootObject = 98252B552BABBA0D006A227E /* Project object */;
}
